
Microsoft Visual Studio Solution File, Format Version 12.00
# Visual Studio 15
Project("{FAE04EC0-301F-11D3-BF4B-00C04F79EFBC}") = "Assembly-CSharp", "Assembly-CSharp.csproj", "{AD6AA5B3-CCF4-AD42-B1BF-5E12E60C8EDC}"
EndProject
Project("{FAE04EC0-301F-11D3-BF4B-00C04F79EFBC}") = "FMODUnity", "FMODUnity.csproj", "{77A57C62-E3F5-3D77-3377-0642C4956826}"
EndProject
Project("{FAE04EC0-301F-11D3-BF4B-00C04F79EFBC}") = "Assembly-CSharp-Editor", "Assembly-CSharp-Editor.csproj", "{F52B5319-7958-E79C-ECC1-EEFE92500C9F}"
EndProject
Project("{FAE04EC0-301F-11D3-BF4B-00C04F79EFBC}") = "FMODUnityEditor", "FMODUnityEditor.csproj", "{588E4F7C-DE0A-A625-5E8F-E211499C0B6F}"
EndProject
Project("{FAE04EC0-301F-11D3-BF4B-00C04F79EFBC}") = "Assembly-CSharp-firstpass", "Assembly-CSharp-firstpass.csproj", "{8862AE86-BDCA-3F8F-0DF4-45C65F077CED}"
EndProject
Project("{FAE04EC0-301F-11D3-BF4B-00C04F79EFBC}") = "FMODUnityResonanceEditor", "FMODUnityResonanceEditor.csproj", "{78B7666D-4C41-15E8-FBAE-549D7F46E5DC}"
EndProject
Project("{FAE04EC0-301F-11D3-BF4B-00C04F79EFBC}") = "FMODUnityResonance", "FMODUnityResonance.csproj", "{5665A4D8-B385-787C-3076-8E4ADCD29CE7}"
EndProject
Project("{FAE04EC0-301F-11D3-BF4B-00C04F79EFBC}") = "Assembly-CSharp-Editor-firstpass", "Assembly-CSharp-Editor-firstpass.csproj", "{844FCFE7-AC7F-AD8A-0471-25E0CD2A51BD}"
EndProject
Global
	GlobalSection(SolutionConfigurationPlatforms) = preSolution
		Debug|Any CPU = Debug|Any CPU
		Release|Any CPU = Release|Any CPU
	EndGlobalSection
	GlobalSection(ProjectConfigurationPlatforms) = postSolution
		{AD6AA5B3-CCF4-AD42-B1BF-5E12E60C8EDC}.Debug|Any CPU.ActiveCfg = Debug|Any CPU
		{AD6AA5B3-CCF4-AD42-B1BF-5E12E60C8EDC}.Debug|Any CPU.Build.0 = Debug|Any CPU
		{AD6AA5B3-CCF4-AD42-B1BF-5E12E60C8EDC}.Release|Any CPU.ActiveCfg = Release|Any CPU
		{AD6AA5B3-CCF4-AD42-B1BF-5E12E60C8EDC}.Release|Any CPU.Build.0 = Release|Any CPU
		{77A57C62-E3F5-3D77-3377-0642C4956826}.Debug|Any CPU.ActiveCfg = Debug|Any CPU
		{77A57C62-E3F5-3D77-3377-0642C4956826}.Debug|Any CPU.Build.0 = Debug|Any CPU
		{77A57C62-E3F5-3D77-3377-0642C4956826}.Release|Any CPU.ActiveCfg = Release|Any CPU
		{77A57C62-E3F5-3D77-3377-0642C4956826}.Release|Any CPU.Build.0 = Release|Any CPU
		{F52B5319-7958-E79C-ECC1-EEFE92500C9F}.Debug|Any CPU.ActiveCfg = Debug|Any CPU
		{F52B5319-7958-E79C-ECC1-EEFE92500C9F}.Debug|Any CPU.Build.0 = Debug|Any CPU
		{F52B5319-7958-E79C-ECC1-EEFE92500C9F}.Release|Any CPU.ActiveCfg = Release|Any CPU
		{F52B5319-7958-E79C-ECC1-EEFE92500C9F}.Release|Any CPU.Build.0 = Release|Any CPU
		{588E4F7C-DE0A-A625-5E8F-E211499C0B6F}.Debug|Any CPU.ActiveCfg = Debug|Any CPU
		{588E4F7C-DE0A-A625-5E8F-E211499C0B6F}.Debug|Any CPU.Build.0 = Debug|Any CPU
		{588E4F7C-DE0A-A625-5E8F-E211499C0B6F}.Release|Any CPU.ActiveCfg = Release|Any CPU
		{588E4F7C-DE0A-A625-5E8F-E211499C0B6F}.Release|Any CPU.Build.0 = Release|Any CPU
		{8862AE86-BDCA-3F8F-0DF4-45C65F077CED}.Debug|Any CPU.ActiveCfg = Debug|Any CPU
		{8862AE86-BDCA-3F8F-0DF4-45C65F077CED}.Debug|Any CPU.Build.0 = Debug|Any CPU
		{8862AE86-BDCA-3F8F-0DF4-45C65F077CED}.Release|Any CPU.ActiveCfg = Release|Any CPU
		{8862AE86-BDCA-3F8F-0DF4-45C65F077CED}.Release|Any CPU.Build.0 = Release|Any CPU
		{78B7666D-4C41-15E8-FBAE-549D7F46E5DC}.Debug|Any CPU.ActiveCfg = Debug|Any CPU
		{78B7666D-4C41-15E8-FBAE-549D7F46E5DC}.Debug|Any CPU.Build.0 = Debug|Any CPU
		{78B7666D-4C41-15E8-FBAE-549D7F46E5DC}.Release|Any CPU.ActiveCfg = Release|Any CPU
		{78B7666D-4C41-15E8-FBAE-549D7F46E5DC}.Release|Any CPU.Build.0 = Release|Any CPU
		{5665A4D8-B385-787C-3076-8E4ADCD29CE7}.Debug|Any CPU.ActiveCfg = Debug|Any CPU
		{5665A4D8-B385-787C-3076-8E4ADCD29CE7}.Debug|Any CPU.Build.0 = Debug|Any CPU
		{5665A4D8-B385-787C-3076-8E4ADCD29CE7}.Release|Any CPU.ActiveCfg = Release|Any CPU
		{5665A4D8-B385-787C-3076-8E4ADCD29CE7}.Release|Any CPU.Build.0 = Release|Any CPU
		{844FCFE7-AC7F-AD8A-0471-25E0CD2A51BD}.Debug|Any CPU.ActiveCfg = Debug|Any CPU
		{844FCFE7-AC7F-AD8A-0471-25E0CD2A51BD}.Debug|Any CPU.Build.0 = Debug|Any CPU
		{844FCFE7-AC7F-AD8A-0471-25E0CD2A51BD}.Release|Any CPU.ActiveCfg = Release|Any CPU
		{844FCFE7-AC7F-AD8A-0471-25E0CD2A51BD}.Release|Any CPU.Build.0 = Release|Any CPU
	EndGlobalSection
	GlobalSection(SolutionProperties) = preSolution
		HideSolutionNode = FALSE
	EndGlobalSection
EndGlobal
