
Microsoft Visual Studio Solution File, Format Version 12.00
# Visual Studio 15
Project("{FAE04EC0-301F-11D3-BF4B-00C04F79EFBC}") = "Assembly-CSharp", "Assembly-CSharp.csproj", "{F03DCFF5-02C3-9758-320E-CAC9221BF450}"
EndProject
Project("{FAE04EC0-301F-11D3-BF4B-00C04F79EFBC}") = "FMODUnity", "FMODUnity.csproj", "{4ABFB09F-2171-3539-2085-1D2DCC9618A2}"
EndProject
Project("{FAE04EC0-301F-11D3-BF4B-00C04F79EFBC}") = "Assembly-CSharp-Editor", "Assembly-CSharp-Editor.csproj", "{8F4BBB5A-ADC7-2EA5-82CF-B92859381F47}"
EndProject
Project("{FAE04EC0-301F-11D3-BF4B-00C04F79EFBC}") = "FMODUnityEditor", "FMODUnityEditor.csproj", "{8089EB97-D05D-CB58-4D9C-71C6B80335FD}"
EndProject
Project("{FAE04EC0-301F-11D3-BF4B-00C04F79EFBC}") = "Assembly-CSharp-firstpass", "Assembly-CSharp-firstpass.csproj", "{075DC9CF-BC53-A645-1AF0-A6059BEAEB79}"
EndProject
Project("{FAE04EC0-301F-11D3-BF4B-00C04F79EFBC}") = "FMODUnityResonanceEditor", "FMODUnityResonanceEditor.csproj", "{CEF1B448-3438-0095-3FF6-0FCAAF39D6E2}"
EndProject
Project("{FAE04EC0-301F-11D3-BF4B-00C04F79EFBC}") = "FMODUnityResonance", "FMODUnityResonance.csproj", "{EEB52CDB-4050-861B-7593-79B59B950FCD}"
EndProject
Project("{FAE04EC0-301F-11D3-BF4B-00C04F79EFBC}") = "Assembly-CSharp-Editor-firstpass", "Assembly-CSharp-Editor-firstpass.csproj", "{988B91F2-BB7F-932B-DD0E-F266A7617224}"
EndProject
Global
	GlobalSection(SolutionConfigurationPlatforms) = preSolution
		Debug|Any CPU = Debug|Any CPU
		Release|Any CPU = Release|Any CPU
	EndGlobalSection
	GlobalSection(ProjectConfigurationPlatforms) = postSolution
		{F03DCFF5-02C3-9758-320E-CAC9221BF450}.Debug|Any CPU.ActiveCfg = Debug|Any CPU
		{F03DCFF5-02C3-9758-320E-CAC9221BF450}.Debug|Any CPU.Build.0 = Debug|Any CPU
		{F03DCFF5-02C3-9758-320E-CAC9221BF450}.Release|Any CPU.ActiveCfg = Release|Any CPU
		{F03DCFF5-02C3-9758-320E-CAC9221BF450}.Release|Any CPU.Build.0 = Release|Any CPU
		{4ABFB09F-2171-3539-2085-1D2DCC9618A2}.Debug|Any CPU.ActiveCfg = Debug|Any CPU
		{4ABFB09F-2171-3539-2085-1D2DCC9618A2}.Debug|Any CPU.Build.0 = Debug|Any CPU
		{4ABFB09F-2171-3539-2085-1D2DCC9618A2}.Release|Any CPU.ActiveCfg = Release|Any CPU
		{4ABFB09F-2171-3539-2085-1D2DCC9618A2}.Release|Any CPU.Build.0 = Release|Any CPU
		{8F4BBB5A-ADC7-2EA5-82CF-B92859381F47}.Debug|Any CPU.ActiveCfg = Debug|Any CPU
		{8F4BBB5A-ADC7-2EA5-82CF-B92859381F47}.Debug|Any CPU.Build.0 = Debug|Any CPU
		{8F4BBB5A-ADC7-2EA5-82CF-B92859381F47}.Release|Any CPU.ActiveCfg = Release|Any CPU
		{8F4BBB5A-ADC7-2EA5-82CF-B92859381F47}.Release|Any CPU.Build.0 = Release|Any CPU
		{8089EB97-D05D-CB58-4D9C-71C6B80335FD}.Debug|Any CPU.ActiveCfg = Debug|Any CPU
		{8089EB97-D05D-CB58-4D9C-71C6B80335FD}.Debug|Any CPU.Build.0 = Debug|Any CPU
		{8089EB97-D05D-CB58-4D9C-71C6B80335FD}.Release|Any CPU.ActiveCfg = Release|Any CPU
		{8089EB97-D05D-CB58-4D9C-71C6B80335FD}.Release|Any CPU.Build.0 = Release|Any CPU
		{075DC9CF-BC53-A645-1AF0-A6059BEAEB79}.Debug|Any CPU.ActiveCfg = Debug|Any CPU
		{075DC9CF-BC53-A645-1AF0-A6059BEAEB79}.Debug|Any CPU.Build.0 = Debug|Any CPU
		{075DC9CF-BC53-A645-1AF0-A6059BEAEB79}.Release|Any CPU.ActiveCfg = Release|Any CPU
		{075DC9CF-BC53-A645-1AF0-A6059BEAEB79}.Release|Any CPU.Build.0 = Release|Any CPU
		{CEF1B448-3438-0095-3FF6-0FCAAF39D6E2}.Debug|Any CPU.ActiveCfg = Debug|Any CPU
		{CEF1B448-3438-0095-3FF6-0FCAAF39D6E2}.Debug|Any CPU.Build.0 = Debug|Any CPU
		{CEF1B448-3438-0095-3FF6-0FCAAF39D6E2}.Release|Any CPU.ActiveCfg = Release|Any CPU
		{CEF1B448-3438-0095-3FF6-0FCAAF39D6E2}.Release|Any CPU.Build.0 = Release|Any CPU
		{EEB52CDB-4050-861B-7593-79B59B950FCD}.Debug|Any CPU.ActiveCfg = Debug|Any CPU
		{EEB52CDB-4050-861B-7593-79B59B950FCD}.Debug|Any CPU.Build.0 = Debug|Any CPU
		{EEB52CDB-4050-861B-7593-79B59B950FCD}.Release|Any CPU.ActiveCfg = Release|Any CPU
		{EEB52CDB-4050-861B-7593-79B59B950FCD}.Release|Any CPU.Build.0 = Release|Any CPU
		{988B91F2-BB7F-932B-DD0E-F266A7617224}.Debug|Any CPU.ActiveCfg = Debug|Any CPU
		{988B91F2-BB7F-932B-DD0E-F266A7617224}.Debug|Any CPU.Build.0 = Debug|Any CPU
		{988B91F2-BB7F-932B-DD0E-F266A7617224}.Release|Any CPU.ActiveCfg = Release|Any CPU
		{988B91F2-BB7F-932B-DD0E-F266A7617224}.Release|Any CPU.Build.0 = Release|Any CPU
	EndGlobalSection
	GlobalSection(SolutionProperties) = preSolution
		HideSolutionNode = FALSE
	EndGlobalSection
EndGlobal
